
Microsoft Visual Studio Solution File, Format Version 12.00
# Visual Studio Version 16
VisualStudioVersion = 16.0.31105.61
MinimumVisualStudioVersion = 10.0.40219.1
Project("{FAE04EC0-301F-11D3-BF4B-00C04F79EFBC}") = "BS.MVC.Git.Exercise", "BS.MVC.Git.Exercise\BS.MVC.Git.Exercise.csproj", "{6F5406F2-7D1F-4FB8-90DD-1D36CC5A5A56}"
EndProject
Global
	GlobalSection(SolutionConfigurationPlatforms) = preSolution
		Debug|Any CPU = Debug|Any CPU
		Release|Any CPU = Release|Any CPU
	EndGlobalSection
	GlobalSection(ProjectConfigurationPlatforms) = postSolution
		{6F5406F2-7D1F-4FB8-90DD-1D36CC5A5A56}.Debug|Any CPU.ActiveCfg = Debug|Any CPU
		{6F5406F2-7D1F-4FB8-90DD-1D36CC5A5A56}.Debug|Any CPU.Build.0 = Debug|Any CPU
		{6F5406F2-7D1F-4FB8-90DD-1D36CC5A5A56}.Release|Any CPU.ActiveCfg = Release|Any CPU
		{6F5406F2-7D1F-4FB8-90DD-1D36CC5A5A56}.Release|Any CPU.Build.0 = Release|Any CPU
	EndGlobalSection
	GlobalSection(SolutionProperties) = preSolution
		HideSolutionNode = FALSE
	EndGlobalSection
	GlobalSection(ExtensibilityGlobals) = postSolution
		SolutionGuid = {C633CAA8-B4DE-4E90-B614-67AB0C8BB47F}
	EndGlobalSection
EndGlobal
